
Microsoft Visual Studio Solution File, Format Version 9.00
# Visual Studio 2005
Project("{8BC9CEB8-8B4A-11D0-8D11-00A0C91BC942}") = "Engine", "Engine.vcproj", "{401672A8-00AE-4C94-81EB-E1E14E321D9D}"
EndProject
Global
	GlobalSection(SolutionConfigurationPlatforms) = preSolution
		Debug|Win32 = Debug|Win32
		Lua5_Debug|Win32 = Lua5_Debug|Win32
		Lua5_Release|Win32 = Lua5_Release|Win32
		Release|Win32 = Release|Win32
	EndGlobalSection
	GlobalSection(ProjectConfigurationPlatforms) = postSolution
		{401672A8-00AE-4C94-81EB-E1E14E321D9D}.Debug|Win32.ActiveCfg = Debug|Win32
		{401672A8-00AE-4C94-81EB-E1E14E321D9D}.Debug|Win32.Build.0 = Debug|Win32
		{401672A8-00AE-4C94-81EB-E1E14E321D9D}.Lua5_Debug|Win32.ActiveCfg = Lua5_Debug|Win32
		{401672A8-00AE-4C94-81EB-E1E14E321D9D}.Lua5_Debug|Win32.Build.0 = Lua5_Debug|Win32
		{401672A8-00AE-4C94-81EB-E1E14E321D9D}.Lua5_Release|Win32.ActiveCfg = Lua5_Release|Win32
		{401672A8-00AE-4C94-81EB-E1E14E321D9D}.Lua5_Release|Win32.Build.0 = Lua5_Release|Win32
		{401672A8-00AE-4C94-81EB-E1E14E321D9D}.Release|Win32.ActiveCfg = Release|Win32
		{401672A8-00AE-4C94-81EB-E1E14E321D9D}.Release|Win32.Build.0 = Release|Win32
	EndGlobalSection
	GlobalSection(SolutionProperties) = preSolution
		HideSolutionNode = FALSE
	EndGlobalSection
EndGlobal
